
Microsoft Visual Studio Solution File, Format Version 12.00
# Visual Studio 15
VisualStudioVersion = 15.0.28307.1145
MinimumVisualStudioVersion = 10.0.40219.1
Project("{8BC9CEB8-8B4A-11D0-8D11-00A0C91BC942}") = "algorithm", "algorithm\algorithm.vcxproj", "{2A58BADE-AFED-4D65-B83C-43FE557F7CC6}"
EndProject
Global
	GlobalSection(SolutionConfigurationPlatforms) = preSolution
		Debug|x64 = Debug|x64
		Debug|x86 = Debug|x86
		Release|x64 = Release|x64
		Release|x86 = Release|x86
	EndGlobalSection
	GlobalSection(ProjectConfigurationPlatforms) = postSolution
		{2A58BADE-AFED-4D65-B83C-43FE557F7CC6}.Debug|x64.ActiveCfg = Debug|x64
		{2A58BADE-AFED-4D65-B83C-43FE557F7CC6}.Debug|x64.Build.0 = Debug|x64
		{2A58BADE-AFED-4D65-B83C-43FE557F7CC6}.Debug|x86.ActiveCfg = Debug|Win32
		{2A58BADE-AFED-4D65-B83C-43FE557F7CC6}.Debug|x86.Build.0 = Debug|Win32
		{2A58BADE-AFED-4D65-B83C-43FE557F7CC6}.Release|x64.ActiveCfg = Release|x64
		{2A58BADE-AFED-4D65-B83C-43FE557F7CC6}.Release|x64.Build.0 = Release|x64
		{2A58BADE-AFED-4D65-B83C-43FE557F7CC6}.Release|x86.ActiveCfg = Release|Win32
		{2A58BADE-AFED-4D65-B83C-43FE557F7CC6}.Release|x86.Build.0 = Release|Win32
	EndGlobalSection
	GlobalSection(SolutionProperties) = preSolution
		HideSolutionNode = FALSE
	EndGlobalSection
	GlobalSection(ExtensibilityGlobals) = postSolution
		SolutionGuid = {06C0BC3C-8669-4A3F-B293-3526F0B8E064}
	EndGlobalSection
EndGlobal
